
Microsoft Visual Studio Solution File, Format Version 12.00
# Visual Studio Version 17
VisualStudioVersion = 17.14.36429.23 d17.14
MinimumVisualStudioVersion = 10.0.40219.1
Project("{FAE04EC0-301F-11D3-BF4B-00C04F79EFBC}") = "VStock", "VStock\VStock.csproj", "{475C5EDA-5866-4E69-9327-625A9019AD54}"
EndProject
Global
	GlobalSection(SolutionConfigurationPlatforms) = preSolution
		Debug|Any CPU = Debug|Any CPU
		Release|Any CPU = Release|Any CPU
	EndGlobalSection
	GlobalSection(ProjectConfigurationPlatforms) = postSolution
		{475C5EDA-5866-4E69-9327-625A9019AD54}.Debug|Any CPU.ActiveCfg = Debug|Any CPU
		{475C5EDA-5866-4E69-9327-625A9019AD54}.Debug|Any CPU.Build.0 = Debug|Any CPU
		{475C5EDA-5866-4E69-9327-625A9019AD54}.Release|Any CPU.ActiveCfg = Release|Any CPU
		{475C5EDA-5866-4E69-9327-625A9019AD54}.Release|Any CPU.Build.0 = Release|Any CPU
	EndGlobalSection
	GlobalSection(SolutionProperties) = preSolution
		HideSolutionNode = FALSE
	EndGlobalSection
	GlobalSection(ExtensibilityGlobals) = postSolution
		SolutionGuid = {2A48CAFE-686F-45D7-98B0-71462544D05A}
	EndGlobalSection
EndGlobal
